
Microsoft Visual Studio Solution File, Format Version 9.00
# Visual C++ Express 2005
Project("{8BC9CEB8-8B4A-11D0-8D11-00A0C91BC942}") = "logging", "logging.vcproj", "{C8BD6DEA-26A2-484C-9DD8-DEBD20864617}"
	ProjectSection(ProjectDependencies) = postProject
		{3FF3DB1D-D2FB-41C2-821D-DFD9F9C6861C} = {3FF3DB1D-D2FB-41C2-821D-DFD9F9C6861C}
		{953A6771-2C38-4789-8687-C7B505B71AF4} = {953A6771-2C38-4789-8687-C7B505B71AF4}
		{1F0AFB28-426B-4634-AEBF-02F2D59E88DE} = {1F0AFB28-426B-4634-AEBF-02F2D59E88DE}
		{DBD8F522-784C-4482-A3FF-1469D14F23A9} = {DBD8F522-784C-4482-A3FF-1469D14F23A9}
	EndProjectSection
EndProject
Project("{8BC9CEB8-8B4A-11D0-8D11-00A0C91BC942}") = "test", "test.vcproj", "{DBD8F522-784C-4482-A3FF-1469D14F23A9}"
EndProject
Project("{8BC9CEB8-8B4A-11D0-8D11-00A0C91BC942}") = "test_hello_world", "test_hello_world.vcproj", "{3FF3DB1D-D2FB-41C2-821D-DFD9F9C6861C}"
EndProject
Project("{8BC9CEB8-8B4A-11D0-8D11-00A0C91BC942}") = "test_macro", "test_macro.vcproj", "{1F0AFB28-426B-4634-AEBF-02F2D59E88DE}"
EndProject
Project("{8BC9CEB8-8B4A-11D0-8D11-00A0C91BC942}") = "test_multithread", "test_multithread.vcproj", "{953A6771-2C38-4789-8687-C7B505B71AF4}"
EndProject
Global
	GlobalSection(SolutionConfigurationPlatforms) = preSolution
		Debug|Win32 = Debug|Win32
		Release|Win32 = Release|Win32
	EndGlobalSection
	GlobalSection(ProjectConfigurationPlatforms) = postSolution
		{C8BD6DEA-26A2-484C-9DD8-DEBD20864617}.Debug|Win32.ActiveCfg = Debug|Win32
		{C8BD6DEA-26A2-484C-9DD8-DEBD20864617}.Debug|Win32.Build.0 = Debug|Win32
		{C8BD6DEA-26A2-484C-9DD8-DEBD20864617}.Release|Win32.ActiveCfg = Release|Win32
		{C8BD6DEA-26A2-484C-9DD8-DEBD20864617}.Release|Win32.Build.0 = Release|Win32
		{DBD8F522-784C-4482-A3FF-1469D14F23A9}.Debug|Win32.ActiveCfg = Debug|Win32
		{DBD8F522-784C-4482-A3FF-1469D14F23A9}.Debug|Win32.Build.0 = Debug|Win32
		{DBD8F522-784C-4482-A3FF-1469D14F23A9}.Release|Win32.ActiveCfg = Release|Win32
		{DBD8F522-784C-4482-A3FF-1469D14F23A9}.Release|Win32.Build.0 = Release|Win32
		{3FF3DB1D-D2FB-41C2-821D-DFD9F9C6861C}.Debug|Win32.ActiveCfg = Debug|Win32
		{3FF3DB1D-D2FB-41C2-821D-DFD9F9C6861C}.Debug|Win32.Build.0 = Debug|Win32
		{3FF3DB1D-D2FB-41C2-821D-DFD9F9C6861C}.Release|Win32.ActiveCfg = Release|Win32
		{3FF3DB1D-D2FB-41C2-821D-DFD9F9C6861C}.Release|Win32.Build.0 = Release|Win32
		{1F0AFB28-426B-4634-AEBF-02F2D59E88DE}.Debug|Win32.ActiveCfg = Debug|Win32
		{1F0AFB28-426B-4634-AEBF-02F2D59E88DE}.Debug|Win32.Build.0 = Debug|Win32
		{1F0AFB28-426B-4634-AEBF-02F2D59E88DE}.Release|Win32.ActiveCfg = Release|Win32
		{1F0AFB28-426B-4634-AEBF-02F2D59E88DE}.Release|Win32.Build.0 = Release|Win32
		{953A6771-2C38-4789-8687-C7B505B71AF4}.Debug|Win32.ActiveCfg = Debug|Win32
		{953A6771-2C38-4789-8687-C7B505B71AF4}.Debug|Win32.Build.0 = Debug|Win32
		{953A6771-2C38-4789-8687-C7B505B71AF4}.Release|Win32.ActiveCfg = Release|Win32
		{953A6771-2C38-4789-8687-C7B505B71AF4}.Release|Win32.Build.0 = Release|Win32
	EndGlobalSection
	GlobalSection(SolutionProperties) = preSolution
		HideSolutionNode = FALSE
	EndGlobalSection
EndGlobal
